PODS:
  - TLSegmentedControl-iOS (1.0.0)
  - Toaster (2.3.0)

DEPENDENCIES:
  - TLSegmentedControl-iOS (from `../`)
  - Toaster

SPEC REPOS:
  trunk:
    - Toaster

EXTERNAL SOURCES:
  TLSegmentedControl-iOS:
    :path: "../"

SPEC CHECKSUMS:
  TLSegmentedControl-iOS: ad8e71a9051e22cfbbc6688f03950111e9618113
  Toaster: c3473963c78e8cabbf6ea6f11ad0fdaae6f54987

PODFILE CHECKSUM: 2e62fcdbc4a5296d4e42f984de16e50142096403

COCOAPODS: 1.10.1
