PODS:
  - TLSegmentedControl (0.0.1)
  - Toaster (2.3.0)

DEPENDENCIES:
  - TLSegmentedControl (from `../`)
  - Toaster

SPEC REPOS:
  trunk:
    - Toaster

EXTERNAL SOURCES:
  TLSegmentedControl:
    :path: "../"

SPEC CHECKSUMS:
  TLSegmentedControl: a5c81dffaf2af14cdcd3efac918247f1f2cda0d0
  Toaster: c3473963c78e8cabbf6ea6f11ad0fdaae6f54987

PODFILE CHECKSUM: 5ba0bf6bad40b8886ce7409ce616bab7ec879492

COCOAPODS: 1.10.1
