PODS:
  - TLSegmentedControl-iOS (1.1.0)
  - Toaster (2.3.0)

DEPENDENCIES:
  - TLSegmentedControl-iOS (from `../`)
  - Toaster

SPEC REPOS:
  trunk:
    - Toaster

EXTERNAL SOURCES:
  TLSegmentedControl-iOS:
    :path: "../"

SPEC CHECKSUMS:
  TLSegmentedControl-iOS: 36f2a3fad03b90c57c7293fa04dddfd52c6357d9
  Toaster: c3473963c78e8cabbf6ea6f11ad0fdaae6f54987

PODFILE CHECKSUM: e7de07b15f21ee929ff7ea1a8104ce4712d94f42

COCOAPODS: 1.11.3
